
Microsoft Visual Studio Solution File, Format Version 12.00
# Visual Studio 15
VisualStudioVersion = 15.0.26430.16
MinimumVisualStudioVersion = 10.0.40219.1
Project("{2150E333-8FDC-42A3-9474-1A3956D46DE8}") = "0-UI", "0-UI", "{F76C8809-9661-4384-B7C3-84D7273F0FEE}"
EndProject
Project("{2150E333-8FDC-42A3-9474-1A3956D46DE8}") = "1-Distributed Services", "1-Distributed Services", "{173E0F28-5A52-4C47-919B-770DDF79AEF5}"
EndProject
Project("{2150E333-8FDC-42A3-9474-1A3956D46DE8}") = "2-Application", "2-Application", "{6E2DB0FE-8BE9-438A-98C7-ECD545AADF35}"
EndProject
Project("{2150E333-8FDC-42A3-9474-1A3956D46DE8}") = "3-Domain", "3-Domain", "{B2DA0153-C2D9-483A-A931-4EBFC72FC9A5}"
EndProject
Project("{2150E333-8FDC-42A3-9474-1A3956D46DE8}") = "4-Infrastructure", "4-Infrastructure", "{818FDB53-862A-4159-8FCA-4F4F813D376A}"
EndProject
Project("{2150E333-8FDC-42A3-9474-1A3956D46DE8}") = "5-Database", "5-Database", "{9248AEFE-B963-4AAB-8D28-8E1B3A0C8605}"
EndProject
Project("{2150E333-8FDC-42A3-9474-1A3956D46DE8}") = "0.1 - MVC", "0.1 - MVC", "{C1060A08-3008-4BA3-A61A-34DEF7856674}"
EndProject
Project("{2150E333-8FDC-42A3-9474-1A3956D46DE8}") = "4.1 - Data Repository", "4.1 - Data Repository", "{2BFA04CA-AD75-4B7E-A8EF-93CAB56751F3}"
EndProject
Project("{2150E333-8FDC-42A3-9474-1A3956D46DE8}") = "4.2 - CrossCutting", "4.2 - CrossCutting", "{C777211B-CFDA-45CF-ADCB-ABE5123C70E7}"
EndProject
Project("{2150E333-8FDC-42A3-9474-1A3956D46DE8}") = "4.3 - External Services", "4.3 - External Services", "{26F0E55F-CEEB-426E-A71B-CF832E1B22CA}"
EndProject
Project("{FAE04EC0-301F-11D3-BF4B-00C04F79EFBC}") = "SM.UI.Mvc", "src\SM.UI.Mvc\SM.UI.Mvc.csproj", "{9FDD9CC1-97F5-41A9-A722-A848FF719870}"
EndProject
Project("{FAE04EC0-301F-11D3-BF4B-00C04F79EFBC}") = "SM.Domain", "src\SM.Domain\SM.Domain.csproj", "{696C7F83-5BB9-4678-B86F-18034BC5786F}"
EndProject
Project("{FAE04EC0-301F-11D3-BF4B-00C04F79EFBC}") = "SM.Infrastructure.Data", "src\SM.Infrastructure.Data\SM.Infrastructure.Data.csproj", "{8E210F63-9620-4FFF-91AA-E87284F89991}"
EndProject
Project("{FAE04EC0-301F-11D3-BF4B-00C04F79EFBC}") = "SM.Application", "src\SM.Application\SM.Application.csproj", "{B17BC240-7CE8-4312-9940-286A6D6A5413}"
EndProject
Project("{FAE04EC0-301F-11D3-BF4B-00C04F79EFBC}") = "SM.Infrastructure.CrossCutting.MvcFilters", "src\SM.Infrastructure.CrossCutting.MvcFilters\SM.Infrastructure.CrossCutting.MvcFilters.csproj", "{C414015F-9F4C-44F1-997A-F9A7F624540F}"
EndProject
Global
	GlobalSection(SolutionConfigurationPlatforms) = preSolution
		Debug|Any CPU = Debug|Any CPU
		Release|Any CPU = Release|Any CPU
	EndGlobalSection
	GlobalSection(ProjectConfigurationPlatforms) = postSolution
		{9FDD9CC1-97F5-41A9-A722-A848FF719870}.Debug|Any CPU.ActiveCfg = Debug|Any CPU
		{9FDD9CC1-97F5-41A9-A722-A848FF719870}.Debug|Any CPU.Build.0 = Debug|Any CPU
		{9FDD9CC1-97F5-41A9-A722-A848FF719870}.Release|Any CPU.ActiveCfg = Release|Any CPU
		{9FDD9CC1-97F5-41A9-A722-A848FF719870}.Release|Any CPU.Build.0 = Release|Any CPU
		{696C7F83-5BB9-4678-B86F-18034BC5786F}.Debug|Any CPU.ActiveCfg = Debug|Any CPU
		{696C7F83-5BB9-4678-B86F-18034BC5786F}.Debug|Any CPU.Build.0 = Debug|Any CPU
		{696C7F83-5BB9-4678-B86F-18034BC5786F}.Release|Any CPU.ActiveCfg = Release|Any CPU
		{696C7F83-5BB9-4678-B86F-18034BC5786F}.Release|Any CPU.Build.0 = Release|Any CPU
		{8E210F63-9620-4FFF-91AA-E87284F89991}.Debug|Any CPU.ActiveCfg = Debug|Any CPU
		{8E210F63-9620-4FFF-91AA-E87284F89991}.Debug|Any CPU.Build.0 = Debug|Any CPU
		{8E210F63-9620-4FFF-91AA-E87284F89991}.Release|Any CPU.ActiveCfg = Release|Any CPU
		{8E210F63-9620-4FFF-91AA-E87284F89991}.Release|Any CPU.Build.0 = Release|Any CPU
		{B17BC240-7CE8-4312-9940-286A6D6A5413}.Debug|Any CPU.ActiveCfg = Debug|Any CPU
		{B17BC240-7CE8-4312-9940-286A6D6A5413}.Debug|Any CPU.Build.0 = Debug|Any CPU
		{B17BC240-7CE8-4312-9940-286A6D6A5413}.Release|Any CPU.ActiveCfg = Release|Any CPU
		{B17BC240-7CE8-4312-9940-286A6D6A5413}.Release|Any CPU.Build.0 = Release|Any CPU
		{C414015F-9F4C-44F1-997A-F9A7F624540F}.Debug|Any CPU.ActiveCfg = Debug|Any CPU
		{C414015F-9F4C-44F1-997A-F9A7F624540F}.Debug|Any CPU.Build.0 = Debug|Any CPU
		{C414015F-9F4C-44F1-997A-F9A7F624540F}.Release|Any CPU.ActiveCfg = Release|Any CPU
		{C414015F-9F4C-44F1-997A-F9A7F624540F}.Release|Any CPU.Build.0 = Release|Any CPU
	EndGlobalSection
	GlobalSection(SolutionProperties) = preSolution
		HideSolutionNode = FALSE
	EndGlobalSection
	GlobalSection(NestedProjects) = preSolution
		{C1060A08-3008-4BA3-A61A-34DEF7856674} = {F76C8809-9661-4384-B7C3-84D7273F0FEE}
		{2BFA04CA-AD75-4B7E-A8EF-93CAB56751F3} = {818FDB53-862A-4159-8FCA-4F4F813D376A}
		{C777211B-CFDA-45CF-ADCB-ABE5123C70E7} = {818FDB53-862A-4159-8FCA-4F4F813D376A}
		{26F0E55F-CEEB-426E-A71B-CF832E1B22CA} = {818FDB53-862A-4159-8FCA-4F4F813D376A}
		{9FDD9CC1-97F5-41A9-A722-A848FF719870} = {C1060A08-3008-4BA3-A61A-34DEF7856674}
		{696C7F83-5BB9-4678-B86F-18034BC5786F} = {B2DA0153-C2D9-483A-A931-4EBFC72FC9A5}
		{8E210F63-9620-4FFF-91AA-E87284F89991} = {2BFA04CA-AD75-4B7E-A8EF-93CAB56751F3}
		{B17BC240-7CE8-4312-9940-286A6D6A5413} = {6E2DB0FE-8BE9-438A-98C7-ECD545AADF35}
		{C414015F-9F4C-44F1-997A-F9A7F624540F} = {C777211B-CFDA-45CF-ADCB-ABE5123C70E7}
	EndGlobalSection
EndGlobal
